{
  "name": "opo-iki",
  "version": "1.0.1",
  "lockfileVersion": 3,
  "requires": true,
  "packages": {
    "": {
      "name": "opo-iki",
      "version": "1.0.1",
      "license": "ISC",
      "dependencies": {
        "indonesia-lib": "^1.0.2",
        "typescript": "^5.4.2"
      }
    },
    "node_modules/dayjs": {
      "version": "1.11.10",
      "resolved": "https://registry.npmjs.org/dayjs/-/dayjs-1.11.10.tgz",
      "integrity": "sha512-vjAczensTgRcqDERK0SR2XMwsF/tSvnvlv6VcF2GIhg6Sx4yOIt/irsr1RDJsKiIyBzJDpCoXiWWq28MqH2cnQ=="
    },
    "node_modules/indonesia-lib": {
      "version": "1.0.2",
      "resolved": "https://registry.npmjs.org/indonesia-lib/-/indonesia-lib-1.0.2.tgz",
      "integrity": "sha512-B3gSKMB5mccjzE1VjKrmBRz9yj18ltlpjAZNvlwwFpN0XldRji7QszkjFPbHOC1XubWZQmRZGeByui4tCQZ5eg==",
      "dependencies": {
        "dayjs": "^1.11.10",
        "typescript": "^5.3.3"
      }
    },
    "node_modules/typescript": {
      "version": "5.4.2",
      "resolved": "https://registry.npmjs.org/typescript/-/typescript-5.4.2.tgz",
      "integrity": "sha512-+2/g0Fds1ERlP6JsakQQDXjZdZMM+rqpamFZJEKh4kwTIn3iDkgKtby0CeNd5ATNZ4Ry1ax15TMx0W2V+miizQ==",
      "bin": {
        "tsc": "bin/tsc",
        "tsserver": "bin/tsserver"
      },
      "engines": {
        "node": ">=14.17"
      }
    }
  }
}
